
Microsoft Visual Studio Solution File, Format Version 12.00
# Visual Studio 15
VisualStudioVersion = 15.0.33529.398
MinimumVisualStudioVersion = 10.0.40219.1
Project("{FAE04EC0-301F-11D3-BF4B-00C04F79EFBC}") = "Homeworks", "Homeworks\Homeworks.csproj", "{1C99B545-5AB5-4B4B-B3F9-48BCB7950A5C}"
EndProject
Global
	GlobalSection(SolutionConfigurationPlatforms) = preSolution
		Debug|Any CPU = Debug|Any CPU
		Release|Any CPU = Release|Any CPU
	EndGlobalSection
	GlobalSection(ProjectConfigurationPlatforms) = postSolution
		{1C99B545-5AB5-4B4B-B3F9-48BCB7950A5C}.Debug|Any CPU.ActiveCfg = Debug|Any CPU
		{1C99B545-5AB5-4B4B-B3F9-48BCB7950A5C}.Debug|Any CPU.Build.0 = Debug|Any CPU
		{1C99B545-5AB5-4B4B-B3F9-48BCB7950A5C}.Release|Any CPU.ActiveCfg = Release|Any CPU
		{1C99B545-5AB5-4B4B-B3F9-48BCB7950A5C}.Release|Any CPU.Build.0 = Release|Any CPU
	EndGlobalSection
	GlobalSection(SolutionProperties) = preSolution
		HideSolutionNode = FALSE
	EndGlobalSection
	GlobalSection(ExtensibilityGlobals) = postSolution
		SolutionGuid = {7926AE2F-BAE9-4158-9536-E5BF9D531311}
	EndGlobalSection
EndGlobal
